
Microsoft Visual Studio Solution File, Format Version 12.00
# Visual Studio Version 17
VisualStudioVersion = 17.14.36603.0 d17.14
MinimumVisualStudioVersion = 10.0.40219.1
Project("{FAE04EC0-301F-11D3-BF4B-00C04F79EFBC}") = "gates", "gates.csproj", "{15289E4E-2D21-47C7-9801-C6D83D3FA789}"
EndProject
Global
	GlobalSection(SolutionConfigurationPlatforms) = preSolution
		Debug|Any CPU = Debug|Any CPU
		Release|Any CPU = Release|Any CPU
	EndGlobalSection
	GlobalSection(ProjectConfigurationPlatforms) = postSolution
		{15289E4E-2D21-47C7-9801-C6D83D3FA789}.Debug|Any CPU.ActiveCfg = Debug|Any CPU
		{15289E4E-2D21-47C7-9801-C6D83D3FA789}.Debug|Any CPU.Build.0 = Debug|Any CPU
		{15289E4E-2D21-47C7-9801-C6D83D3FA789}.Release|Any CPU.ActiveCfg = Release|Any CPU
		{15289E4E-2D21-47C7-9801-C6D83D3FA789}.Release|Any CPU.Build.0 = Release|Any CPU
	EndGlobalSection
	GlobalSection(SolutionProperties) = preSolution
		HideSolutionNode = FALSE
	EndGlobalSection
	GlobalSection(ExtensibilityGlobals) = postSolution
		SolutionGuid = {6A87CC77-EAD9-4BC0-8FFB-6CC9BA44CF74}
	EndGlobalSection
EndGlobal
